
Microsoft Visual Studio Solution File, Format Version 12.00
# Visual Studio 15
VisualStudioVersion = 15.0.28010.2026
MinimumVisualStudioVersion = 10.0.40219.1
Project("{FAE04EC0-301F-11D3-BF4B-00C04F79EFBC}") = "DataProcessor", "DataProcessor\DataProcessor.csproj", "{145FDED1-285F-4076-82A8-C33C720CA2DB}"
EndProject
Global
	GlobalSection(SolutionConfigurationPlatforms) = preSolution
		Debug|Any CPU = Debug|Any CPU
		Release|Any CPU = Release|Any CPU
	EndGlobalSection
	GlobalSection(ProjectConfigurationPlatforms) = postSolution
		{145FDED1-285F-4076-82A8-C33C720CA2DB}.Debug|Any CPU.ActiveCfg = Debug|Any CPU
		{145FDED1-285F-4076-82A8-C33C720CA2DB}.Debug|Any CPU.Build.0 = Debug|Any CPU
		{145FDED1-285F-4076-82A8-C33C720CA2DB}.Release|Any CPU.ActiveCfg = Release|Any CPU
		{145FDED1-285F-4076-82A8-C33C720CA2DB}.Release|Any CPU.Build.0 = Release|Any CPU
	EndGlobalSection
	GlobalSection(SolutionProperties) = preSolution
		HideSolutionNode = FALSE
	EndGlobalSection
	GlobalSection(ExtensibilityGlobals) = postSolution
		SolutionGuid = {ED47BCF0-9C02-434F-88E2-5FAF9529A9FC}
	EndGlobalSection
EndGlobal
